{
  "name": "huiyiqianduan",
  "lockfileVersion": 2,
  "requires": true,
  "packages": {
    "": {
      "dependencies": {
        "pdfh5": "^1.4.9"
      }
    },
    "node_modules/pdfh5": {
      "version": "1.4.9",
      "resolved": "https://registry.npmjs.org/pdfh5/-/pdfh5-1.4.9.tgz",
      "integrity": "sha512-BCKDjvfMY7+aLjv5/imP+Z6WCX26HH3EcBOKtfvPEpvzZaYepsypFoZEI7a0y+GngCzc4rPaupFsPCSVMonS5w=="
    }
  },
  "dependencies": {
    "pdfh5": {
      "version": "1.4.9",
      "resolved": "https://registry.npmjs.org/pdfh5/-/pdfh5-1.4.9.tgz",
      "integrity": "sha512-BCKDjvfMY7+aLjv5/imP+Z6WCX26HH3EcBOKtfvPEpvzZaYepsypFoZEI7a0y+GngCzc4rPaupFsPCSVMonS5w=="
    }
  }
}
